
Microsoft Visual Studio Solution File, Format Version 12.00
# Visual Studio 15
VisualStudioVersion = 15.0.28307.705
MinimumVisualStudioVersion = 10.0.40219.1
Project("{FAE04EC0-301F-11D3-BF4B-00C04F79EFBC}") = "PDIWT_PiledWharf_Main", "PDIWT_PileWharf_Main\PDIWT_PiledWharf_Main.csproj", "{9E11F8B4-3AF7-4DE2-B869-7E50F84376F7}"
EndProject
Project("{FAE04EC0-301F-11D3-BF4B-00C04F79EFBC}") = "PDIWT_PiledWharf_Core", "PDIWT_PiledWharf_Core\PDIWT_PiledWharf_Core.csproj", "{7CC54BCC-187B-4424-8D66-C664CD7E6E5C}"
EndProject
Project("{8BC9CEB8-8B4A-11D0-8D11-00A0C91BC942}") = "PDIWT_PiledWharf_Core_Cpp", "PDIWT_PiledWharf_Core_Cpp\PDIWT_PiledWharf_Core_Cpp.vcxproj", "{BE1B266D-B8B6-45A3-9593-9B9291EF06A9}"
EndProject
Project("{8BC9CEB8-8B4A-11D0-8D11-00A0C91BC942}") = "MDL_TechTest", "MDL_TechTest\MDL_TechTest.vcxproj", "{A95278E3-6FF8-4C16-986C-83AF2D131C74}"
EndProject
Project("{8BC9CEB8-8B4A-11D0-8D11-00A0C91BC942}") = "exampleTool5BentleySdk", "exampletool\exampleTool5BentleySdk.vcxproj", "{109474DE-AF0C-4159-82C7-EBBE404B28E0}"
EndProject
Project("{8BC9CEB8-8B4A-11D0-8D11-00A0C91BC942}") = "ElementsExample", "ElementsExample\ElementsExample.vcxproj", "{CE9C4E1C-1FB5-4444-BFB2-6EF6BE5FCBDF}"
EndProject
Global
	GlobalSection(SolutionConfigurationPlatforms) = preSolution
		Debug|Any CPU = Debug|Any CPU
		Debug|x64 = Debug|x64
		Debug|x86 = Debug|x86
		Release|Any CPU = Release|Any CPU
		Release|x64 = Release|x64
		Release|x86 = Release|x86
	EndGlobalSection
	GlobalSection(ProjectConfigurationPlatforms) = postSolution
		{9E11F8B4-3AF7-4DE2-B869-7E50F84376F7}.Debug|Any CPU.ActiveCfg = Debug|Any CPU
		{9E11F8B4-3AF7-4DE2-B869-7E50F84376F7}.Debug|Any CPU.Build.0 = Debug|Any CPU
		{9E11F8B4-3AF7-4DE2-B869-7E50F84376F7}.Debug|x64.ActiveCfg = Debug|Any CPU
		{9E11F8B4-3AF7-4DE2-B869-7E50F84376F7}.Debug|x64.Build.0 = Debug|Any CPU
		{9E11F8B4-3AF7-4DE2-B869-7E50F84376F7}.Debug|x86.ActiveCfg = Debug|Any CPU
		{9E11F8B4-3AF7-4DE2-B869-7E50F84376F7}.Debug|x86.Build.0 = Debug|Any CPU
		{9E11F8B4-3AF7-4DE2-B869-7E50F84376F7}.Release|Any CPU.ActiveCfg = Release|Any CPU
		{9E11F8B4-3AF7-4DE2-B869-7E50F84376F7}.Release|Any CPU.Build.0 = Release|Any CPU
		{9E11F8B4-3AF7-4DE2-B869-7E50F84376F7}.Release|x64.ActiveCfg = Release|Any CPU
		{9E11F8B4-3AF7-4DE2-B869-7E50F84376F7}.Release|x64.Build.0 = Release|Any CPU
		{9E11F8B4-3AF7-4DE2-B869-7E50F84376F7}.Release|x86.ActiveCfg = Release|Any CPU
		{9E11F8B4-3AF7-4DE2-B869-7E50F84376F7}.Release|x86.Build.0 = Release|Any CPU
		{7CC54BCC-187B-4424-8D66-C664CD7E6E5C}.Debug|Any CPU.ActiveCfg = Debug|Any CPU
		{7CC54BCC-187B-4424-8D66-C664CD7E6E5C}.Debug|Any CPU.Build.0 = Debug|Any CPU
		{7CC54BCC-187B-4424-8D66-C664CD7E6E5C}.Debug|x64.ActiveCfg = Debug|x64
		{7CC54BCC-187B-4424-8D66-C664CD7E6E5C}.Debug|x64.Build.0 = Debug|x64
		{7CC54BCC-187B-4424-8D66-C664CD7E6E5C}.Debug|x86.ActiveCfg = Debug|Any CPU
		{7CC54BCC-187B-4424-8D66-C664CD7E6E5C}.Debug|x86.Build.0 = Debug|Any CPU
		{7CC54BCC-187B-4424-8D66-C664CD7E6E5C}.Release|Any CPU.ActiveCfg = Release|Any CPU
		{7CC54BCC-187B-4424-8D66-C664CD7E6E5C}.Release|Any CPU.Build.0 = Release|Any CPU
		{7CC54BCC-187B-4424-8D66-C664CD7E6E5C}.Release|x64.ActiveCfg = Release|Any CPU
		{7CC54BCC-187B-4424-8D66-C664CD7E6E5C}.Release|x64.Build.0 = Release|Any CPU
		{7CC54BCC-187B-4424-8D66-C664CD7E6E5C}.Release|x86.ActiveCfg = Release|Any CPU
		{7CC54BCC-187B-4424-8D66-C664CD7E6E5C}.Release|x86.Build.0 = Release|Any CPU
		{BE1B266D-B8B6-45A3-9593-9B9291EF06A9}.Debug|Any CPU.ActiveCfg = Debug|Win32
		{BE1B266D-B8B6-45A3-9593-9B9291EF06A9}.Debug|x64.ActiveCfg = Debug|x64
		{BE1B266D-B8B6-45A3-9593-9B9291EF06A9}.Debug|x64.Build.0 = Debug|x64
		{BE1B266D-B8B6-45A3-9593-9B9291EF06A9}.Debug|x86.ActiveCfg = Debug|Win32
		{BE1B266D-B8B6-45A3-9593-9B9291EF06A9}.Debug|x86.Build.0 = Debug|Win32
		{BE1B266D-B8B6-45A3-9593-9B9291EF06A9}.Release|Any CPU.ActiveCfg = Release|Win32
		{BE1B266D-B8B6-45A3-9593-9B9291EF06A9}.Release|x64.ActiveCfg = Release|x64
		{BE1B266D-B8B6-45A3-9593-9B9291EF06A9}.Release|x64.Build.0 = Release|x64
		{BE1B266D-B8B6-45A3-9593-9B9291EF06A9}.Release|x86.ActiveCfg = Release|Win32
		{BE1B266D-B8B6-45A3-9593-9B9291EF06A9}.Release|x86.Build.0 = Release|Win32
		{A95278E3-6FF8-4C16-986C-83AF2D131C74}.Debug|Any CPU.ActiveCfg = Debug|Win32
		{A95278E3-6FF8-4C16-986C-83AF2D131C74}.Debug|x64.ActiveCfg = Debug|x64
		{A95278E3-6FF8-4C16-986C-83AF2D131C74}.Debug|x64.Build.0 = Debug|x64
		{A95278E3-6FF8-4C16-986C-83AF2D131C74}.Debug|x86.ActiveCfg = Debug|Win32
		{A95278E3-6FF8-4C16-986C-83AF2D131C74}.Debug|x86.Build.0 = Debug|Win32
		{A95278E3-6FF8-4C16-986C-83AF2D131C74}.Release|Any CPU.ActiveCfg = Release|Win32
		{A95278E3-6FF8-4C16-986C-83AF2D131C74}.Release|x64.ActiveCfg = Release|x64
		{A95278E3-6FF8-4C16-986C-83AF2D131C74}.Release|x64.Build.0 = Release|x64
		{A95278E3-6FF8-4C16-986C-83AF2D131C74}.Release|x86.ActiveCfg = Release|Win32
		{A95278E3-6FF8-4C16-986C-83AF2D131C74}.Release|x86.Build.0 = Release|Win32
		{109474DE-AF0C-4159-82C7-EBBE404B28E0}.Debug|Any CPU.ActiveCfg = Debug|Win32
		{109474DE-AF0C-4159-82C7-EBBE404B28E0}.Debug|x64.ActiveCfg = Debug|x64
		{109474DE-AF0C-4159-82C7-EBBE404B28E0}.Debug|x64.Build.0 = Debug|x64
		{109474DE-AF0C-4159-82C7-EBBE404B28E0}.Debug|x86.ActiveCfg = Debug|Win32
		{109474DE-AF0C-4159-82C7-EBBE404B28E0}.Debug|x86.Build.0 = Debug|Win32
		{109474DE-AF0C-4159-82C7-EBBE404B28E0}.Release|Any CPU.ActiveCfg = Release|Win32
		{109474DE-AF0C-4159-82C7-EBBE404B28E0}.Release|x64.ActiveCfg = Release|x64
		{109474DE-AF0C-4159-82C7-EBBE404B28E0}.Release|x64.Build.0 = Release|x64
		{109474DE-AF0C-4159-82C7-EBBE404B28E0}.Release|x86.ActiveCfg = Release|Win32
		{109474DE-AF0C-4159-82C7-EBBE404B28E0}.Release|x86.Build.0 = Release|Win32
		{CE9C4E1C-1FB5-4444-BFB2-6EF6BE5FCBDF}.Debug|Any CPU.ActiveCfg = Debug|Win32
		{CE9C4E1C-1FB5-4444-BFB2-6EF6BE5FCBDF}.Debug|x64.ActiveCfg = Debug|x64
		{CE9C4E1C-1FB5-4444-BFB2-6EF6BE5FCBDF}.Debug|x64.Build.0 = Debug|x64
		{CE9C4E1C-1FB5-4444-BFB2-6EF6BE5FCBDF}.Debug|x86.ActiveCfg = Debug|Win32
		{CE9C4E1C-1FB5-4444-BFB2-6EF6BE5FCBDF}.Debug|x86.Build.0 = Debug|Win32
		{CE9C4E1C-1FB5-4444-BFB2-6EF6BE5FCBDF}.Release|Any CPU.ActiveCfg = Release|Win32
		{CE9C4E1C-1FB5-4444-BFB2-6EF6BE5FCBDF}.Release|x64.ActiveCfg = Release|x64
		{CE9C4E1C-1FB5-4444-BFB2-6EF6BE5FCBDF}.Release|x64.Build.0 = Release|x64
		{CE9C4E1C-1FB5-4444-BFB2-6EF6BE5FCBDF}.Release|x86.ActiveCfg = Release|Win32
		{CE9C4E1C-1FB5-4444-BFB2-6EF6BE5FCBDF}.Release|x86.Build.0 = Release|Win32
	EndGlobalSection
	GlobalSection(SolutionProperties) = preSolution
		HideSolutionNode = FALSE
	EndGlobalSection
	GlobalSection(ExtensibilityGlobals) = postSolution
		SolutionGuid = {152610B7-A3FB-482C-876B-3A2C671B3164}
	EndGlobalSection
EndGlobal
