
Microsoft Visual Studio Solution File, Format Version 12.00
# Visual Studio 15
VisualStudioVersion = 15.0.28307.705
MinimumVisualStudioVersion = 10.0.40219.1
Project("{FAE04EC0-301F-11D3-BF4B-00C04F79EFBC}") = "PDIWT_PiledWharf_Main", "PDIWT_PileWharf_Main\PDIWT_PiledWharf_Main.csproj", "{9E11F8B4-3AF7-4DE2-B869-7E50F84376F7}"
EndProject
Project("{FAE04EC0-301F-11D3-BF4B-00C04F79EFBC}") = "PDIWT_PiledWharf_Core", "PDIWT_PiledWharf_Core\PDIWT_PiledWharf_Core.csproj", "{7CC54BCC-187B-4424-8D66-C664CD7E6E5C}"
EndProject
Project("{8BC9CEB8-8B4A-11D0-8D11-00A0C91BC942}") = "PDIWT_PiledWharf_Core_Cpp", "PDIWT_PiledWharf_Core_Cpp\PDIWT_PiledWharf_Core_Cpp.vcxproj", "{BE1B266D-B8B6-45A3-9593-9B9291EF06A9}"
EndProject
Project("{FAE04EC0-301F-11D3-BF4B-00C04F79EFBC}") = "PDIWT.Resources", "PDIWT.Resources\PDIWT.Resources.csproj", "{1055EE07-F11A-49DB-AD46-06E49948BDA2}"
EndProject
Project("{FAE04EC0-301F-11D3-BF4B-00C04F79EFBC}") = "PDIWT_PiledWharf_CoreTests", "PDIWT_PiledWharf_CoreTests\PDIWT_PiledWharf_CoreTests.csproj", "{28B284EB-83A8-4961-9238-9281E34131AC}"
EndProject
Project("{FAE04EC0-301F-11D3-BF4B-00C04F79EFBC}") = "PDIWT_Assemblies", "PDIWT_Assemblies\PDIWT_Assemblies.csproj", "{D689D982-5E8B-4B74-B118-642FD8251AB5}"
EndProject
Project("{FAE04EC0-301F-11D3-BF4B-00C04F79EFBC}") = "PDIWT_Assemblies_Core", "PDIWT_Assemblies_Core\PDIWT_Assemblies_Core.csproj", "{E04CF343-A265-4F48-A9A8-4F7DE35F4DDC}"
EndProject
Global
	GlobalSection(SolutionConfigurationPlatforms) = preSolution
		Debug|Any CPU = Debug|Any CPU
		Debug|ARM = Debug|ARM
		Debug|x64 = Debug|x64
		Debug|x86 = Debug|x86
		Release|Any CPU = Release|Any CPU
		Release|ARM = Release|ARM
		Release|x64 = Release|x64
		Release|x86 = Release|x86
	EndGlobalSection
	GlobalSection(ProjectConfigurationPlatforms) = postSolution
		{9E11F8B4-3AF7-4DE2-B869-7E50F84376F7}.Debug|Any CPU.ActiveCfg = Debug|Any CPU
		{9E11F8B4-3AF7-4DE2-B869-7E50F84376F7}.Debug|Any CPU.Build.0 = Debug|Any CPU
		{9E11F8B4-3AF7-4DE2-B869-7E50F84376F7}.Debug|ARM.ActiveCfg = Debug|Any CPU
		{9E11F8B4-3AF7-4DE2-B869-7E50F84376F7}.Debug|ARM.Build.0 = Debug|Any CPU
		{9E11F8B4-3AF7-4DE2-B869-7E50F84376F7}.Debug|x64.ActiveCfg = Debug|x64
		{9E11F8B4-3AF7-4DE2-B869-7E50F84376F7}.Debug|x64.Build.0 = Debug|x64
		{9E11F8B4-3AF7-4DE2-B869-7E50F84376F7}.Debug|x86.ActiveCfg = Debug|Any CPU
		{9E11F8B4-3AF7-4DE2-B869-7E50F84376F7}.Debug|x86.Build.0 = Debug|Any CPU
		{9E11F8B4-3AF7-4DE2-B869-7E50F84376F7}.Release|Any CPU.ActiveCfg = Release|Any CPU
		{9E11F8B4-3AF7-4DE2-B869-7E50F84376F7}.Release|Any CPU.Build.0 = Release|Any CPU
		{9E11F8B4-3AF7-4DE2-B869-7E50F84376F7}.Release|ARM.ActiveCfg = Release|Any CPU
		{9E11F8B4-3AF7-4DE2-B869-7E50F84376F7}.Release|ARM.Build.0 = Release|Any CPU
		{9E11F8B4-3AF7-4DE2-B869-7E50F84376F7}.Release|x64.ActiveCfg = Debug|x64
		{9E11F8B4-3AF7-4DE2-B869-7E50F84376F7}.Release|x64.Build.0 = Debug|x64
		{9E11F8B4-3AF7-4DE2-B869-7E50F84376F7}.Release|x86.ActiveCfg = Release|Any CPU
		{9E11F8B4-3AF7-4DE2-B869-7E50F84376F7}.Release|x86.Build.0 = Release|Any CPU
		{7CC54BCC-187B-4424-8D66-C664CD7E6E5C}.Debug|Any CPU.ActiveCfg = Debug|Any CPU
		{7CC54BCC-187B-4424-8D66-C664CD7E6E5C}.Debug|Any CPU.Build.0 = Debug|Any CPU
		{7CC54BCC-187B-4424-8D66-C664CD7E6E5C}.Debug|ARM.ActiveCfg = Debug|Any CPU
		{7CC54BCC-187B-4424-8D66-C664CD7E6E5C}.Debug|ARM.Build.0 = Debug|Any CPU
		{7CC54BCC-187B-4424-8D66-C664CD7E6E5C}.Debug|x64.ActiveCfg = Debug|x64
		{7CC54BCC-187B-4424-8D66-C664CD7E6E5C}.Debug|x64.Build.0 = Debug|x64
		{7CC54BCC-187B-4424-8D66-C664CD7E6E5C}.Debug|x86.ActiveCfg = Debug|Any CPU
		{7CC54BCC-187B-4424-8D66-C664CD7E6E5C}.Debug|x86.Build.0 = Debug|Any CPU
		{7CC54BCC-187B-4424-8D66-C664CD7E6E5C}.Release|Any CPU.ActiveCfg = Release|Any CPU
		{7CC54BCC-187B-4424-8D66-C664CD7E6E5C}.Release|Any CPU.Build.0 = Release|Any CPU
		{7CC54BCC-187B-4424-8D66-C664CD7E6E5C}.Release|ARM.ActiveCfg = Release|Any CPU
		{7CC54BCC-187B-4424-8D66-C664CD7E6E5C}.Release|ARM.Build.0 = Release|Any CPU
		{7CC54BCC-187B-4424-8D66-C664CD7E6E5C}.Release|x64.ActiveCfg = Debug|x64
		{7CC54BCC-187B-4424-8D66-C664CD7E6E5C}.Release|x64.Build.0 = Debug|x64
		{7CC54BCC-187B-4424-8D66-C664CD7E6E5C}.Release|x86.ActiveCfg = Release|Any CPU
		{7CC54BCC-187B-4424-8D66-C664CD7E6E5C}.Release|x86.Build.0 = Release|Any CPU
		{BE1B266D-B8B6-45A3-9593-9B9291EF06A9}.Debug|Any CPU.ActiveCfg = Debug|Win32
		{BE1B266D-B8B6-45A3-9593-9B9291EF06A9}.Debug|ARM.ActiveCfg = Debug|ARM
		{BE1B266D-B8B6-45A3-9593-9B9291EF06A9}.Debug|ARM.Build.0 = Debug|ARM
		{BE1B266D-B8B6-45A3-9593-9B9291EF06A9}.Debug|x64.ActiveCfg = Debug|x64
		{BE1B266D-B8B6-45A3-9593-9B9291EF06A9}.Debug|x64.Build.0 = Debug|x64
		{BE1B266D-B8B6-45A3-9593-9B9291EF06A9}.Debug|x86.ActiveCfg = Debug|Win32
		{BE1B266D-B8B6-45A3-9593-9B9291EF06A9}.Debug|x86.Build.0 = Debug|Win32
		{BE1B266D-B8B6-45A3-9593-9B9291EF06A9}.Release|Any CPU.ActiveCfg = Release|Win32
		{BE1B266D-B8B6-45A3-9593-9B9291EF06A9}.Release|ARM.ActiveCfg = Release|ARM
		{BE1B266D-B8B6-45A3-9593-9B9291EF06A9}.Release|ARM.Build.0 = Release|ARM
		{BE1B266D-B8B6-45A3-9593-9B9291EF06A9}.Release|x64.ActiveCfg = Debug|x64
		{BE1B266D-B8B6-45A3-9593-9B9291EF06A9}.Release|x64.Build.0 = Debug|x64
		{BE1B266D-B8B6-45A3-9593-9B9291EF06A9}.Release|x86.ActiveCfg = Release|Win32
		{BE1B266D-B8B6-45A3-9593-9B9291EF06A9}.Release|x86.Build.0 = Release|Win32
		{1055EE07-F11A-49DB-AD46-06E49948BDA2}.Debug|Any CPU.ActiveCfg = Debug|Any CPU
		{1055EE07-F11A-49DB-AD46-06E49948BDA2}.Debug|Any CPU.Build.0 = Debug|Any CPU
		{1055EE07-F11A-49DB-AD46-06E49948BDA2}.Debug|ARM.ActiveCfg = Debug|Any CPU
		{1055EE07-F11A-49DB-AD46-06E49948BDA2}.Debug|ARM.Build.0 = Debug|Any CPU
		{1055EE07-F11A-49DB-AD46-06E49948BDA2}.Debug|x64.ActiveCfg = Debug|Any CPU
		{1055EE07-F11A-49DB-AD46-06E49948BDA2}.Debug|x64.Build.0 = Debug|Any CPU
		{1055EE07-F11A-49DB-AD46-06E49948BDA2}.Debug|x86.ActiveCfg = Debug|Any CPU
		{1055EE07-F11A-49DB-AD46-06E49948BDA2}.Debug|x86.Build.0 = Debug|Any CPU
		{1055EE07-F11A-49DB-AD46-06E49948BDA2}.Release|Any CPU.ActiveCfg = Release|Any CPU
		{1055EE07-F11A-49DB-AD46-06E49948BDA2}.Release|Any CPU.Build.0 = Release|Any CPU
		{1055EE07-F11A-49DB-AD46-06E49948BDA2}.Release|ARM.ActiveCfg = Release|Any CPU
		{1055EE07-F11A-49DB-AD46-06E49948BDA2}.Release|ARM.Build.0 = Release|Any CPU
		{1055EE07-F11A-49DB-AD46-06E49948BDA2}.Release|x64.ActiveCfg = Debug|Any CPU
		{1055EE07-F11A-49DB-AD46-06E49948BDA2}.Release|x64.Build.0 = Debug|Any CPU
		{1055EE07-F11A-49DB-AD46-06E49948BDA2}.Release|x86.ActiveCfg = Release|Any CPU
		{1055EE07-F11A-49DB-AD46-06E49948BDA2}.Release|x86.Build.0 = Release|Any CPU
		{28B284EB-83A8-4961-9238-9281E34131AC}.Debug|Any CPU.ActiveCfg = Debug|Any CPU
		{28B284EB-83A8-4961-9238-9281E34131AC}.Debug|Any CPU.Build.0 = Debug|Any CPU
		{28B284EB-83A8-4961-9238-9281E34131AC}.Debug|ARM.ActiveCfg = Debug|Any CPU
		{28B284EB-83A8-4961-9238-9281E34131AC}.Debug|ARM.Build.0 = Debug|Any CPU
		{28B284EB-83A8-4961-9238-9281E34131AC}.Debug|x64.ActiveCfg = Debug|x64
		{28B284EB-83A8-4961-9238-9281E34131AC}.Debug|x64.Build.0 = Debug|x64
		{28B284EB-83A8-4961-9238-9281E34131AC}.Debug|x86.ActiveCfg = Debug|Any CPU
		{28B284EB-83A8-4961-9238-9281E34131AC}.Debug|x86.Build.0 = Debug|Any CPU
		{28B284EB-83A8-4961-9238-9281E34131AC}.Release|Any CPU.ActiveCfg = Release|Any CPU
		{28B284EB-83A8-4961-9238-9281E34131AC}.Release|Any CPU.Build.0 = Release|Any CPU
		{28B284EB-83A8-4961-9238-9281E34131AC}.Release|ARM.ActiveCfg = Release|Any CPU
		{28B284EB-83A8-4961-9238-9281E34131AC}.Release|ARM.Build.0 = Release|Any CPU
		{28B284EB-83A8-4961-9238-9281E34131AC}.Release|x64.ActiveCfg = Release|x64
		{28B284EB-83A8-4961-9238-9281E34131AC}.Release|x64.Build.0 = Release|x64
		{28B284EB-83A8-4961-9238-9281E34131AC}.Release|x86.ActiveCfg = Release|Any CPU
		{28B284EB-83A8-4961-9238-9281E34131AC}.Release|x86.Build.0 = Release|Any CPU
		{D689D982-5E8B-4B74-B118-642FD8251AB5}.Debug|Any CPU.ActiveCfg = Debug|Any CPU
		{D689D982-5E8B-4B74-B118-642FD8251AB5}.Debug|Any CPU.Build.0 = Debug|Any CPU
		{D689D982-5E8B-4B74-B118-642FD8251AB5}.Debug|ARM.ActiveCfg = Debug|Any CPU
		{D689D982-5E8B-4B74-B118-642FD8251AB5}.Debug|ARM.Build.0 = Debug|Any CPU
		{D689D982-5E8B-4B74-B118-642FD8251AB5}.Debug|x64.ActiveCfg = Debug|x64
		{D689D982-5E8B-4B74-B118-642FD8251AB5}.Debug|x64.Build.0 = Debug|x64
		{D689D982-5E8B-4B74-B118-642FD8251AB5}.Debug|x86.ActiveCfg = Debug|Any CPU
		{D689D982-5E8B-4B74-B118-642FD8251AB5}.Debug|x86.Build.0 = Debug|Any CPU
		{D689D982-5E8B-4B74-B118-642FD8251AB5}.Release|Any CPU.ActiveCfg = Release|Any CPU
		{D689D982-5E8B-4B74-B118-642FD8251AB5}.Release|Any CPU.Build.0 = Release|Any CPU
		{D689D982-5E8B-4B74-B118-642FD8251AB5}.Release|ARM.ActiveCfg = Release|Any CPU
		{D689D982-5E8B-4B74-B118-642FD8251AB5}.Release|ARM.Build.0 = Release|Any CPU
		{D689D982-5E8B-4B74-B118-642FD8251AB5}.Release|x64.ActiveCfg = Release|Any CPU
		{D689D982-5E8B-4B74-B118-642FD8251AB5}.Release|x64.Build.0 = Release|Any CPU
		{D689D982-5E8B-4B74-B118-642FD8251AB5}.Release|x86.ActiveCfg = Release|Any CPU
		{D689D982-5E8B-4B74-B118-642FD8251AB5}.Release|x86.Build.0 = Release|Any CPU
		{E04CF343-A265-4F48-A9A8-4F7DE35F4DDC}.Debug|Any CPU.ActiveCfg = Debug|Any CPU
		{E04CF343-A265-4F48-A9A8-4F7DE35F4DDC}.Debug|Any CPU.Build.0 = Debug|Any CPU
		{E04CF343-A265-4F48-A9A8-4F7DE35F4DDC}.Debug|ARM.ActiveCfg = Debug|Any CPU
		{E04CF343-A265-4F48-A9A8-4F7DE35F4DDC}.Debug|ARM.Build.0 = Debug|Any CPU
		{E04CF343-A265-4F48-A9A8-4F7DE35F4DDC}.Debug|x64.ActiveCfg = Debug|x64
		{E04CF343-A265-4F48-A9A8-4F7DE35F4DDC}.Debug|x64.Build.0 = Debug|x64
		{E04CF343-A265-4F48-A9A8-4F7DE35F4DDC}.Debug|x86.ActiveCfg = Debug|Any CPU
		{E04CF343-A265-4F48-A9A8-4F7DE35F4DDC}.Debug|x86.Build.0 = Debug|Any CPU
		{E04CF343-A265-4F48-A9A8-4F7DE35F4DDC}.Release|Any CPU.ActiveCfg = Release|Any CPU
		{E04CF343-A265-4F48-A9A8-4F7DE35F4DDC}.Release|Any CPU.Build.0 = Release|Any CPU
		{E04CF343-A265-4F48-A9A8-4F7DE35F4DDC}.Release|ARM.ActiveCfg = Release|Any CPU
		{E04CF343-A265-4F48-A9A8-4F7DE35F4DDC}.Release|ARM.Build.0 = Release|Any CPU
		{E04CF343-A265-4F48-A9A8-4F7DE35F4DDC}.Release|x64.ActiveCfg = Release|Any CPU
		{E04CF343-A265-4F48-A9A8-4F7DE35F4DDC}.Release|x64.Build.0 = Release|Any CPU
		{E04CF343-A265-4F48-A9A8-4F7DE35F4DDC}.Release|x86.ActiveCfg = Release|Any CPU
		{E04CF343-A265-4F48-A9A8-4F7DE35F4DDC}.Release|x86.Build.0 = Release|Any CPU
	EndGlobalSection
	GlobalSection(SolutionProperties) = preSolution
		HideSolutionNode = FALSE
	EndGlobalSection
	GlobalSection(ExtensibilityGlobals) = postSolution
		SolutionGuid = {152610B7-A3FB-482C-876B-3A2C671B3164}
	EndGlobalSection
EndGlobal
